
Microsoft Visual Studio Solution File, Format Version 12.00
# Visual Studio 15
VisualStudioVersion = 15.0.27703.2026
MinimumVisualStudioVersion = 10.0.40219.1
Project("{9A19103F-16F7-4668-BE54-9A1E7A4F7556}") = "ConsoleApp1", "ConsoleApp1\ConsoleApp1.csproj", "{0A562713-9D91-4B69-AD38-0A861F5CCE1E}"
EndProject
Project("{FAE04EC0-301F-11D3-BF4B-00C04F79EFBC}") = "GameLogic", "GameLogic\GameLogic.csproj", "{749256C7-7F00-42F3-93E9-2476E7273ED8}"
EndProject
Project("{FAE04EC0-301F-11D3-BF4B-00C04F79EFBC}") = "ConsoleRendering", "ConsoleRendering\ConsoleRendering.csproj", "{D642AC20-7CE9-44DC-BC1D-67885C700561}"
EndProject
Project("{FAE04EC0-301F-11D3-BF4B-00C04F79EFBC}") = "RenderingBoundary", "RenderingBoundary\RenderingBoundary.csproj", "{59CC111C-E7F6-4ECD-9460-E617332B283A}"
EndProject
Global
	GlobalSection(SolutionConfigurationPlatforms) = preSolution
		Debug|Any CPU = Debug|Any CPU
		Release|Any CPU = Release|Any CPU
	EndGlobalSection
	GlobalSection(ProjectConfigurationPlatforms) = postSolution
		{0A562713-9D91-4B69-AD38-0A861F5CCE1E}.Debug|Any CPU.ActiveCfg = Debug|Any CPU
		{0A562713-9D91-4B69-AD38-0A861F5CCE1E}.Debug|Any CPU.Build.0 = Debug|Any CPU
		{0A562713-9D91-4B69-AD38-0A861F5CCE1E}.Release|Any CPU.ActiveCfg = Release|Any CPU
		{0A562713-9D91-4B69-AD38-0A861F5CCE1E}.Release|Any CPU.Build.0 = Release|Any CPU
		{749256C7-7F00-42F3-93E9-2476E7273ED8}.Debug|Any CPU.ActiveCfg = Debug|Any CPU
		{749256C7-7F00-42F3-93E9-2476E7273ED8}.Debug|Any CPU.Build.0 = Debug|Any CPU
		{749256C7-7F00-42F3-93E9-2476E7273ED8}.Release|Any CPU.ActiveCfg = Release|Any CPU
		{749256C7-7F00-42F3-93E9-2476E7273ED8}.Release|Any CPU.Build.0 = Release|Any CPU
		{D642AC20-7CE9-44DC-BC1D-67885C700561}.Debug|Any CPU.ActiveCfg = Debug|Any CPU
		{D642AC20-7CE9-44DC-BC1D-67885C700561}.Debug|Any CPU.Build.0 = Debug|Any CPU
		{D642AC20-7CE9-44DC-BC1D-67885C700561}.Release|Any CPU.ActiveCfg = Release|Any CPU
		{D642AC20-7CE9-44DC-BC1D-67885C700561}.Release|Any CPU.Build.0 = Release|Any CPU
		{59CC111C-E7F6-4ECD-9460-E617332B283A}.Debug|Any CPU.ActiveCfg = Debug|Any CPU
		{59CC111C-E7F6-4ECD-9460-E617332B283A}.Debug|Any CPU.Build.0 = Debug|Any CPU
		{59CC111C-E7F6-4ECD-9460-E617332B283A}.Release|Any CPU.ActiveCfg = Release|Any CPU
		{59CC111C-E7F6-4ECD-9460-E617332B283A}.Release|Any CPU.Build.0 = Release|Any CPU
	EndGlobalSection
	GlobalSection(SolutionProperties) = preSolution
		HideSolutionNode = FALSE
	EndGlobalSection
	GlobalSection(ExtensibilityGlobals) = postSolution
		SolutionGuid = {F2BDDB44-B242-4508-A38C-747F8C8BB8FF}
	EndGlobalSection
EndGlobal
